
Microsoft Visual Studio Solution File, Format Version 12.00
# Visual Studio Version 17
VisualStudioVersion = 17.3.32825.248
MinimumVisualStudioVersion = 10.0.40219.1
Project("{FAE04EC0-301F-11D3-BF4B-00C04F79EFBC}") = "unquoted_checker", "unquoted_checker.csproj", "{8242E556-AEB3-45A6-9F55-9C625A321099}"
EndProject
Global
	GlobalSection(SolutionConfigurationPlatforms) = preSolution
		Debug|Any CPU = Debug|Any CPU
		Release|Any CPU = Release|Any CPU
	EndGlobalSection
	GlobalSection(ProjectConfigurationPlatforms) = postSolution
		{8242E556-AEB3-45A6-9F55-9C625A321099}.Debug|Any CPU.ActiveCfg = Debug|Any CPU
		{8242E556-AEB3-45A6-9F55-9C625A321099}.Debug|Any CPU.Build.0 = Debug|Any CPU
		{8242E556-AEB3-45A6-9F55-9C625A321099}.Release|Any CPU.ActiveCfg = Release|Any CPU
		{8242E556-AEB3-45A6-9F55-9C625A321099}.Release|Any CPU.Build.0 = Release|Any CPU
	EndGlobalSection
	GlobalSection(SolutionProperties) = preSolution
		HideSolutionNode = FALSE
	EndGlobalSection
	GlobalSection(ExtensibilityGlobals) = postSolution
		SolutionGuid = {47593149-84C9-4BAA-A38D-6DE6EE26F80C}
	EndGlobalSection
EndGlobal
